// !$*UTF8*$!
{
	archiveVersion = 1;
	classes = {
	};
	objectVersion = 46;
	objects = {

/* Begin PBXBuildFile section */
		F36D008E1D119E3100BFE393 /* AppDelegate.swift in Sources */ = {isa = PBXBuildFile; fileRef = F36D008D1D119E3100BFE393 /* AppDelegate.swift */; };
		F36D00901D119E3100BFE393 /* ViewController.swift in Sources */ = {isa = PBXBuildFile; fileRef = F36D008F1D119E3100BFE393 /* ViewController.swift */; };
		F36D00931D119E3100BFE393 /* Main.storyboard in Resources */ = {isa = PBXBuildFile; fileRef = F36D00911D119E3100BFE393 /* Main.storyboard */; };
		F36D00951D119E3100BFE393 /* Assets.xcassets in Resources */ = {isa = PBXBuildFile; fileRef = F36D00941D119E3100BFE393 /* Assets.xcassets */; };
		F36D00981D119E3100BFE393 /* LaunchScreen.storyboard in Resources */ = {isa = PBXBuildFile; fileRef = F36D00961D119E3100BFE393 /* LaunchScreen.storyboard */; };
		F36D00A31D119E3100BFE393 /* FoodTrackerTests.swift in Sources */ = {isa = PBXBuildFile; fileRef = F36D00A21D119E3100BFE393 /* FoodTrackerTests.swift */; };
		F36D00AE1D119E3100BFE393 /* FoodTrackerUITests.swift in Sources */ = {isa = PBXBuildFile; fileRef = F36D00AD1D119E3100BFE393 /* FoodTrackerUITests.swift */; };
/* End PBXBuildFile section */

/* Begin PBXContainerItemProxy section */
		F36D009F1D119E3100BFE393 /* PBXContainerItemProxy */ = {
			isa = PBXContainerItemProxy;
			containerPortal = F36D00821D119E3000BFE393 /* Project object */;
			proxyType = 1;
			remoteGlobalIDString = F36D00891D119E3000BFE393;
			remoteInfo = FoodTracker;
		};
		F36D00AA1D119E3100BFE393 /* PBXContainerItemProxy */ = {
			isa = PBXContainerItemProxy;
			containerPortal = F36D00821D119E3000BFE393 /* Project object */;
			proxyType = 1;
			remoteGlobalIDString = F36D00891D119E3000BFE393;
			remoteInfo = FoodTracker;
		};
/* End PBXContainerItemProxy section */

/* Begin PBXFileReference section */
		F36D008A1D119E3100BFE393 /* FoodTracker.app */ = {isa = PBXFileReference; explicitFileType = wrapper.application; includeInIndex = 0; path = FoodTracker.app; sourceTree = BUILT_PRODUCTS_DIR; };
		F36D008D1D119E3100BFE393 /* AppDelegate.swift */ = {isa = PBXFileReference; lastKnownFileType = sourcecode.swift; path = AppDelegate.swift; sourceTree = "<group>"; };
		F36D008F1D119E3100BFE393 /* ViewController.swift */ = {isa = PBXFileReference; lastKnownFileType = sourcecode.swift; path = ViewController.swift; sourceTree = "<group>"; };
		F36D00921D119E3100BFE393 /* Base */ = {isa = PBXFileReference; lastKnownFileType = file.storyboard; name = Base; path = Base.lproj/Main.storyboard; sourceTree = "<group>"; };
		F36D00941D119E3100BFE393 /* Assets.xcassets */ = {isa = PBXFileReference; lastKnownFileType = folder.assetcatalog; path = Assets.xcassets; sourceTree = "<group>"; };
		F36D00971D119E3100BFE393 /* Base */ = {isa = PBXFileReference; lastKnownFileType = file.storyboard; name = Base; path = Base.lproj/LaunchScreen.storyboard; sourceTree = "<group>"; };
		F36D00991D119E3100BFE393 /* Info.plist */ = {isa = PBXFileReference; lastKnownFileType = text.plist.xml; path = Info.plist; sourceTree = "<group>"; };
		F36D009E1D119E3100BFE393 /* FoodTrackerTests.xctest */ = {isa = PBXFileReference; explicitFileType = wrapper.cfbundle; includeInIndex = 0; path = FoodTrackerTests.xctest; sourceTree = BUILT_PRODUCTS_DIR; };
		F36D00A21D119E3100BFE393 /* FoodTrackerTests.swift */ = {isa = PBXFileReference; lastKnownFileType = sourcecode.swift; path = FoodTrackerTests.swift; sourceTree = "<group>"; };
		F36D00A41D119E3100BFE393 /* Info.plist */ = {isa = PBXFileReference; lastKnownFileType = text.plist.xml; path = Info.plist; sourceTree = "<group>"; };
		F36D00A91D119E3100BFE393 /* FoodTrackerUITests.xctest */ = {isa = PBXFileReference; explicitFileType = wrapper.cfbundle; includeInIndex = 0; path = FoodTrackerUITests.xctest; sourceTree = BUILT_PRODUCTS_DIR; };
		F36D00AD1D119E3100BFE393 /* FoodTrackerUITests.swift */ = {isa = PBXFileReference; lastKnownFileType = sourcecode.swift; path = FoodTrackerUITests.swift; sourceTree = "<group>"; };
		F36D00AF1D119E3100BFE393 /* Info.plist */ = {isa = PBXFileReference; lastKnownFileType = text.plist.xml; path = Info.plist; sourceTree = "<group>"; };
/* End PBXFileReference section */

/* Begin PBXFrameworksBuildPhase section */
		F36D00871D119E3000BFE393 /* Frameworks */ = {
			isa = PBXFrameworksBuildPhase;
			buildActionMask = 2147483647;
			files = (
			);
			runOnlyForDeploymentPostprocessing = 0;
		};
		F36D009B1D119E3100BFE393 /* Frameworks */ = {
			isa = PBXFrameworksBuildPhase;
			buildActionMask = 2147483647;
			files = (
			);
			runOnlyForDeploymentPostprocessing = 0;
		};
		F36D00A61D119E3100BFE393 /* Frameworks */ = {
			isa = PBXFrameworksBuildPhase;
			buildActionMask = 2147483647;
			files = (
			);
			runOnlyForDeploymentPostprocessing = 0;
		};
/* End PBXFrameworksBuildPhase section */

/* Begin PBXGroup section */
		F36D00811D119E3000BFE393 = {
			isa = PBXGroup;
			children = (
				F36D008C1D119E3100BFE393 /* FoodTracker */,
				F36D00A11D119E3100BFE393 /* FoodTrackerTests */,
				F36D00AC1D119E3100BFE393 /* FoodTrackerUITests */,
				F36D008B1D119E3100BFE393 /* Products */,
			);
			sourceTree = "<group>";
		};
		F36D008B1D119E3100BFE393 /* Products */ = {
			isa = PBXGroup;
			children = (
				F36D008A1D119E3100BFE393 /* FoodTracker.app */,
				F36D009E1D119E3100BFE393 /* FoodTrackerTests.xctest */,
				F36D00A91D119E3100BFE393 /* FoodTrackerUITests.xctest */,
			);
			name = Products;
			sourceTree = "<group>";
		};
		F36D008C1D119E3100BFE393 /* FoodTracker */ = {
			isa = PBXGroup;
			children = (
				F36D008D1D119E3100BFE393 /* AppDelegate.swift */,
				F36D008F1D119E3100BFE393 /* ViewController.swift */,
				F36D00911D119E3100BFE393 /* Main.storyboard */,
				F36D00941D119E3100BFE393 /* Assets.xcassets */,
				F36D00961D119E3100BFE393 /* LaunchScreen.storyboard */,
				F36D00991D119E3100BFE393 /* Info.plist */,
			);
			path = FoodTracker;
			sourceTree = "<group>";
		};
		F36D00A11D119E3100BFE393 /* FoodTrackerTests */ = {
			isa = PBXGroup;
			children = (
				F36D00A21D119E3100BFE393 /* FoodTrackerTests.swift */,
				F36D00A41D119E3100BFE393 /* Info.plist */,
			);
			path = FoodTrackerTests;
			sourceTree = "<group>";
		};
		F36D00AC1D119E3100BFE393 /* FoodTrackerUITests */ = {
			isa = PBXGroup;
			children = (
				F36D00AD1D119E3100BFE393 /* FoodTrackerUITests.swift */,
				F36D00AF1D119E3100BFE393 /* Info.plist */,
			);
			path = FoodTrackerUITests;
			sourceTree = "<group>";
		};
/* End PBXGroup section */

/* Begin PBXNativeTarget section */
		F36D00891D119E3000BFE393 /* FoodTracker */ = {
			isa = PBXNativeTarget;
			buildConfigurationList = F36D00B21D119E3100BFE393 /* Build configuration list for PBXNativeTarget "FoodTracker" */;
			buildPhases = (
				F36D00861D119E3000BFE393 /* Sources */,
				F36D00871D119E3000BFE393 /* Frameworks */,
				F36D00881D119E3000BFE393 /* Resources */,
			);
			buildRules = (
			);
			dependencies = (
			);
			name = FoodTracker;
			productName = FoodTracker;
			productReference = F36D008A1D119E3100BFE393 /* FoodTracker.app */;
			productType = "com.apple.product-type.application";
		};
		F36D009D1D119E3100BFE393 /* FoodTrackerTests */ = {
			isa = PBXNativeTarget;
			buildConfigurationList = F36D00B51D119E3100BFE393 /* Build configuration list for PBXNativeTarget "FoodTrackerTests" */;
			buildPhases = (
				F36D009A1D119E3100BFE393 /* Sources */,
				F36D009B1D119E3100BFE393 /* Frameworks */,
				F36D009C1D119E3100BFE393 /* Resources */,
			);
			buildRules = (
			);
			dependencies = (
				F36D00A01D119E3100BFE393 /* PBXTargetDependency */,
			);
			name = FoodTrackerTests;
			productName = FoodTrackerTests;
			productReference = F36D009E1D119E3100BFE393 /* FoodTrackerTests.xctest */;
			productType = "com.apple.product-type.bundle.unit-test";
		};
		F36D00A81D119E3100BFE393 /* FoodTrackerUITests */ = {
			isa = PBXNativeTarget;
			buildConfigurationList = F36D00B81D119E3100BFE393 /* Build configuration list for PBXNativeTarget "FoodTrackerUITests" */;
			buildPhases = (
				F36D00A51D119E3100BFE393 /* Sources */,
				F36D00A61D119E3100BFE393 /* Frameworks */,
				F36D00A71D119E3100BFE393 /* Resources */,
			);
			buildRules = (
			);
			dependencies = (
				F36D00AB1D119E3100BFE393 /* PBXTargetDependency */,
			);
			name = FoodTrackerUITests;
			productName = FoodTrackerUITests;
			productReference = F36D00A91D119E3100BFE393 /* FoodTrackerUITests.xctest */;
			productType = "com.apple.product-type.bundle.ui-testing";
		};
/* End PBXNativeTarget section */

/* Begin PBXProject section */
		F36D00821D119E3000BFE393 /* Project object */ = {
			isa = PBXProject;
			attributes = {
				LastSwiftUpdateCheck = 0730;
				LastUpgradeCheck = 0730;
				ORGANIZATIONNAME = "Christian Pendleton";
				TargetAttributes = {
					F36D00891D119E3000BFE393 = {
						CreatedOnToolsVersion = 7.3.1;
					};
					F36D009D1D119E3100BFE393 = {
						CreatedOnToolsVersion = 7.3.1;
						TestTargetID = F36D00891D119E3000BFE393;
					};
					F36D00A81D119E3100BFE393 = {
						CreatedOnToolsVersion = 7.3.1;
						TestTargetID = F36D00891D119E3000BFE393;
					};
				};
			};
			buildConfigurationList = F36D00851D119E3000BFE393 /* Build configuration list for PBXProject "FoodTracker" */;
			compatibilityVersion = "Xcode 3.2";
			developmentRegion = English;
			hasScannedForEncodings = 0;
			knownRegions = (
				en,
				Base,
			);
			mainGroup = F36D00811D119E3000BFE393;
			productRefGroup = F36D008B1D119E3100BFE393 /* Products */;
			projectDirPath = "";
			projectRoot = "";
			targets = (
				F36D00891D119E3000BFE393 /* FoodTracker */,
				F36D009D1D119E3100BFE393 /* FoodTrackerTests */,
				F36D00A81D119E3100BFE393 /* FoodTrackerUITests */,
			);
		};
/* End PBXProject section */

/* Begin PBXResourcesBuildPhase section */
		F36D00881D119E3000BFE393 /* Resources */ = {
			isa = PBXResourcesBuildPhase;
			buildActionMask = 2147483647;
			files = (
				F36D00981D119E3100BFE393 /* LaunchScreen.storyboard in Resources */,
				F36D00951D119E3100BFE393 /* Assets.xcassets in Resources */,
				F36D00931D119E3100BFE393 /* Main.storyboard in Resources */,
			);
			runOnlyForDeploymentPostprocessing = 0;
		};
		F36D009C1D119E3100BFE393 /* Resources */ = {
			isa = PBXResourcesBuildPhase;
			buildActionMask = 2147483647;
			files = (
			);
			runOnlyForDeploymentPostprocessing = 0;
		};
		F36D00A71D119E3100BFE393 /* Resources */ = {
			isa = PBXResourcesBuildPhase;
			buildActionMask = 2147483647;
			files = (
			);
			runOnlyForDeploymentPostprocessing = 0;
		};
/* End PBXResourcesBuildPhase section */

/* Begin PBXSourcesBuildPhase section */
		F36D00861D119E3000BFE393 /* Sources */ = {
			isa = PBXSourcesBuildPhase;
			buildActionMask = 2147483647;
			files = (
				F36D00901D119E3100BFE393 /* ViewController.swift in Sources */,
				F36D008E1D119E3100BFE393 /* AppDelegate.swift in Sources */,
			);
			runOnlyForDeploymentPostprocessing = 0;
		};
		F36D009A1D119E3100BFE393 /* Sources */ = {
			isa = PBXSourcesBuildPhase;
			buildActionMask = 2147483647;
			files = (
				F36D00A31D119E3100BFE393 /* FoodTrackerTests.swift in Sources */,
			);
			runOnlyForDeploymentPostprocessing = 0;
		};
		F36D00A51D119E3100BFE393 /* Sources */ = {
			isa = PBXSourcesBuildPhase;
			buildActionMask = 2147483647;
			files = (
				F36D00AE1D119E3100BFE393 /* FoodTrackerUITests.swift in Sources */,
			);
			runOnlyForDeploymentPostprocessing = 0;
		};
/* End PBXSourcesBuildPhase section */

/* Begin PBXTargetDependency section */
		F36D00A01D119E3100BFE393 /* PBXTargetDependency */ = {
			isa = PBXTargetDependency;
			target = F36D00891D119E3000BFE393 /* FoodTracker */;
			targetProxy = F36D009F1D119E3100BFE393 /* PBXContainerItemProxy */;
		};
		F36D00AB1D119E3100BFE393 /* PBXTargetDependency */ = {
			isa = PBXTargetDependency;
			target = F36D00891D119E3000BFE393 /* FoodTracker */;
			targetProxy = F36D00AA1D119E3100BFE393 /* PBXContainerItemProxy */;
		};
/* End PBXTargetDependency section */

/* Begin PBXVariantGroup section */
		F36D00911D119E3100BFE393 /* Main.storyboard */ = {
			isa = PBXVariantGroup;
			children = (
				F36D00921D119E3100BFE393 /* Base */,
			);
			name = Main.storyboard;
			sourceTree = "<group>";
		};
		F36D00961D119E3100BFE393 /* LaunchScreen.storyboard */ = {
			isa = PBXVariantGroup;
			children = (
				F36D00971D119E3100BFE393 /* Base */,
			);
			name = LaunchScreen.storyboard;
			sourceTree = "<group>";
		};
/* End PBXVariantGroup section */

/* Begin XCBuildConfiguration section */
		F36D00B01D119E3100BFE393 /* Debug */ = {
			isa = XCBuildConfiguration;
			buildSettings = {
				ALWAYS_SEARCH_USER_PATHS = NO;
				CLANG_ANALYZER_NONNULL = YES;
				CLANG_CXX_LANGUAGE_STANDARD = "gnu++0x";
				CLANG_CXX_LIBRARY = "libc++";
				CLANG_ENABLE_MODULES = YES;
				CLANG_ENABLE_OBJC_ARC = YES;
				CLANG_WARN_BOOL_CONVERSION = YES;
				CLANG_WARN_CONSTANT_CONVERSION = YES;
				CLANG_WARN_DIRECT_OBJC_ISA_USAGE = YES_ERROR;
				CLANG_WARN_EMPTY_BODY = YES;
				CLANG_WARN_ENUM_CONVERSION = YES;
				CLANG_WARN_INT_CONVERSION = YES;
				CLANG_WARN_OBJC_ROOT_CLASS = YES_ERROR;
				CLANG_WARN_UNREACHABLE_CODE = YES;
				CLANG_WARN__DUPLICATE_METHOD_MATCH = YES;
				"CODE_SIGN_IDENTITY[sdk=iphoneos*]" = "iPhone Developer";
				COPY_PHASE_STRIP = NO;
				DEBUG_INFORMATION_FORMAT = dwarf;
				ENABLE_STRICT_OBJC_MSGSEND = YES;
				ENABLE_TESTABILITY = YES;
				GCC_C_LANGUAGE_STANDARD = gnu99;
				GCC_DYNAMIC_NO_PIC = NO;
				GCC_NO_COMMON_BLOCKS = YES;
				GCC_OPTIMIZATION_LEVEL = 0;
				GCC_PREPROCESSOR_DEFINITIONS = (
					"DEBUG=1",
					"$(inherited)",
				);
				GCC_WARN_64_TO_32_BIT_CONVERSION = YES;
				GCC_WARN_ABOUT_RETURN_TYPE = YES_ERROR;
				GCC_WARN_UNDECLARED_SELECTOR = YES;
				GCC_WARN_UNINITIALIZED_AUTOS = YES_AGGRESSIVE;
				GCC_WARN_UNUSED_FUNCTION = YES;
				GCC_WARN_UNUSED_VARIABLE = YES;
				IPHONEOS_DEPLOYMENT_TARGET = 9.3;
				MTL_ENABLE_DEBUG_INFO = YES;
				ONLY_ACTIVE_ARCH = YES;
				SDKROOT = iphoneos;
				SWIFT_OPTIMIZATION_LEVEL = "-Onone";
				TARGETED_DEVICE_FAMILY = "1,2";
			};
			name = Debug;
		};
		F36D00B11D119E3100BFE393 /* Release */ = {
			isa = XCBuildConfiguration;
			buildSettings = {
				ALWAYS_SEARCH_USER_PATHS = NO;
				CLANG_ANALYZER_NONNULL = YES;
				CLANG_CXX_LANGUAGE_STANDARD = "gnu++0x";
				CLANG_CXX_LIBRARY = "libc++";
				CLANG_ENABLE_MODULES = YES;
				CLANG_ENABLE_OBJC_ARC = YES;
				CLANG_WARN_BOOL_CONVERSION = YES;
				CLANG_WARN_CONSTANT_CONVERSION = YES;
				CLANG_WARN_DIRECT_OBJC_ISA_USAGE = YES_ERROR;
				CLANG_WARN_EMPTY_BODY = YES;
				CLANG_WARN_ENUM_CONVERSION = YES;
				CLANG_WARN_INT_CONVERSION = YES;
				CLANG_WARN_OBJC_ROOT_CLASS = YES_ERROR;
				CLANG_WARN_UNREACHABLE_CODE = YES;
				CLANG_WARN__DUPLICATE_METHOD_MATCH = YES;
				"CODE_SIGN_IDENTITY[sdk=iphoneos*]" = "iPhone Developer";
				COPY_PHASE_STRIP = NO;
				DEBUG_INFORMATION_FORMAT = "dwarf-with-dsym";
				ENABLE_NS_ASSERTIONS = NO;
				ENABLE_STRICT_OBJC_MSGSEND = YES;
				GCC_C_LANGUAGE_STANDARD = gnu99;
				GCC_NO_COMMON_BLOCKS = YES;
				GCC_WARN_64_TO_32_BIT_CONVERSION = YES;
				GCC_WARN_ABOUT_RETURN_TYPE = YES_ERROR;
				GCC_WARN_UNDECLARED_SELECTOR = YES;
				GCC_WARN_UNINITIALIZED_AUTOS = YES_AGGRESSIVE;
				GCC_WARN_UNUSED_FUNCTION = YES;
				GCC_WARN_UNUSED_VARIABLE = YES;
				IPHONEOS_DEPLOYMENT_TARGET = 9.3;
				MTL_ENABLE_DEBUG_INFO = NO;
				SDKROOT = iphoneos;
				TARGETED_DEVICE_FAMILY = "1,2";
				VALIDATE_PRODUCT = YES;
			};
			name = Release;
		};
		F36D00B31D119E3100BFE393 /* Debug */ = {
			isa = XCBuildConfiguration;
			buildSettings = {
				ASSETCATALOG_COMPILER_APPICON_NAME = AppIcon;
				INFOPLIST_FILE = FoodTracker/Info.plist;
				LD_RUNPATH_SEARCH_PATHS = "$(inherited) @executable_path/Frameworks";
				PRODUCT_BUNDLE_IDENTIFIER = com.chopsw.FoodTracker;
				PRODUCT_NAME = "$(TARGET_NAME)";
			};
			name = Debug;
		};
		F36D00B41D119E3100BFE393 /* Release */ = {
			isa = XCBuildConfiguration;
			buildSettings = {
				ASSETCATALOG_COMPILER_APPICON_NAME = AppIcon;
				INFOPLIST_FILE = FoodTracker/Info.plist;
				LD_RUNPATH_SEARCH_PATHS = "$(inherited) @executable_path/Frameworks";
				PRODUCT_BUNDLE_IDENTIFIER = com.chopsw.FoodTracker;
				PRODUCT_NAME = "$(TARGET_NAME)";
			};
			name = Release;
		};
		F36D00B61D119E3100BFE393 /* Debug */ = {
			isa = XCBuildConfiguration;
			buildSettings = {
				BUNDLE_LOADER = "$(TEST_HOST)";
				INFOPLIST_FILE = FoodTrackerTests/Info.plist;
				LD_RUNPATH_SEARCH_PATHS = "$(inherited) @executable_path/Frameworks @loader_path/Frameworks";
				PRODUCT_BUNDLE_IDENTIFIER = com.chopsw.FoodTrackerTests;
				PRODUCT_NAME = "$(TARGET_NAME)";
				TEST_HOST = "$(BUILT_PRODUCTS_DIR)/FoodTracker.app/FoodTracker";
			};
			name = Debug;
		};
		F36D00B71D119E3100BFE393 /* Release */ = {
			isa = XCBuildConfiguration;
			buildSettings = {
				BUNDLE_LOADER = "$(TEST_HOST)";
				INFOPLIST_FILE = FoodTrackerTests/Info.plist;
				LD_RUNPATH_SEARCH_PATHS = "$(inherited) @executable_path/Frameworks @loader_path/Frameworks";
				PRODUCT_BUNDLE_IDENTIFIER = com.chopsw.FoodTrackerTests;
				PRODUCT_NAME = "$(TARGET_NAME)";
				TEST_HOST = "$(BUILT_PRODUCTS_DIR)/FoodTracker.app/FoodTracker";
			};
			name = Release;
		};
		F36D00B91D119E3100BFE393 /* Debug */ = {
			isa = XCBuildConfiguration;
			buildSettings = {
				INFOPLIST_FILE = FoodTrackerUITests/Info.plist;
				LD_RUNPATH_SEARCH_PATHS = "$(inherited) @executable_path/Frameworks @loader_path/Frameworks";
				PRODUCT_BUNDLE_IDENTIFIER = com.chopsw.FoodTrackerUITests;
				PRODUCT_NAME = "$(TARGET_NAME)";
				TEST_TARGET_NAME = FoodTracker;
			};
			name = Debug;
		};
		F36D00BA1D119E3100BFE393 /* Release */ = {
			isa = XCBuildConfiguration;
			buildSettings = {
				INFOPLIST_FILE = FoodTrackerUITests/Info.plist;
				LD_RUNPATH_SEARCH_PATHS = "$(inherited) @executable_path/Frameworks @loader_path/Frameworks";
				PRODUCT_BUNDLE_IDENTIFIER = com.chopsw.FoodTrackerUITests;
				PRODUCT_NAME = "$(TARGET_NAME)";
				TEST_TARGET_NAME = FoodTracker;
			};
			name = Release;
		};
/* End XCBuildConfiguration section */

/* Begin XCConfigurationList section */
		F36D00851D119E3000BFE393 /* Build configuration list for PBXProject "FoodTracker" */ = {
			isa = XCConfigurationList;
			buildConfigurations = (
				F36D00B01D119E3100BFE393 /* Debug */,
				F36D00B11D119E3100BFE393 /* Release */,
			);
			defaultConfigurationIsVisible = 0;
			defaultConfigurationName = Release;
		};
		F36D00B21D119E3100BFE393 /* Build configuration list for PBXNativeTarget "FoodTracker" */ = {
			isa = XCConfigurationList;
			buildConfigurations = (
				F36D00B31D119E3100BFE393 /* Debug */,
				F36D00B41D119E3100BFE393 /* Release */,
			);
			defaultConfigurationIsVisible = 0;
		};
		F36D00B51D119E3100BFE393 /* Build configuration list for PBXNativeTarget "FoodTrackerTests" */ = {
			isa = XCConfigurationList;
			buildConfigurations = (
				F36D00B61D119E3100BFE393 /* Debug */,
				F36D00B71D119E3100BFE393 /* Release */,
			);
			defaultConfigurationIsVisible = 0;
		};
		F36D00B81D119E3100BFE393 /* Build configuration list for PBXNativeTarget "FoodTrackerUITests" */ = {
			isa = XCConfigurationList;
			buildConfigurations = (
				F36D00B91D119E3100BFE393 /* Debug */,
				F36D00BA1D119E3100BFE393 /* Release */,
			);
			defaultConfigurationIsVisible = 0;
		};
/* End XCConfigurationList section */
	};
	rootObject = F36D00821D119E3000BFE393 /* Project object */;
}
